
Microsoft Visual Studio Solution File, Format Version 12.00
# Visual Studio Version 17
VisualStudioVersion = 17.6.33717.318
MinimumVisualStudioVersion = 10.0.40219.1
Project("{FAE04EC0-301F-11D3-BF4B-00C04F79EFBC}") = "launchMVC", "launchMVC.csproj", "{7EF2D639-CDD6-46F4-8AC0-8C4F5A4608D1}"
EndProject
Global
	GlobalSection(SolutionConfigurationPlatforms) = preSolution
		Debug|Any CPU = Debug|Any CPU
		Release|Any CPU = Release|Any CPU
	EndGlobalSection
	GlobalSection(ProjectConfigurationPlatforms) = postSolution
		{7EF2D639-CDD6-46F4-8AC0-8C4F5A4608D1}.Debug|Any CPU.ActiveCfg = Debug|Any CPU
		{7EF2D639-CDD6-46F4-8AC0-8C4F5A4608D1}.Debug|Any CPU.Build.0 = Debug|Any CPU
		{7EF2D639-CDD6-46F4-8AC0-8C4F5A4608D1}.Release|Any CPU.ActiveCfg = Release|Any CPU
		{7EF2D639-CDD6-46F4-8AC0-8C4F5A4608D1}.Release|Any CPU.Build.0 = Release|Any CPU
	EndGlobalSection
	GlobalSection(SolutionProperties) = preSolution
		HideSolutionNode = FALSE
	EndGlobalSection
	GlobalSection(ExtensibilityGlobals) = postSolution
		SolutionGuid = {3698CD60-B36C-493C-B409-E35E7DD3A539}
	EndGlobalSection
EndGlobal
